// !$*UTF8*$!
{
	archiveVersion = 1;
	classes = {
	};
	objectVersion = 50;
	objects = {

/* Begin PBXBuildFile section */
		C8ED439624DB3CE100DAF457 /* AppDelegate.swift in Sources */ = {isa = PBXBuildFile; fileRef = C8ED439524DB3CE100DAF457 /* AppDelegate.swift */; };
		C8ED439824DB3CE100DAF457 /* SceneDelegate.swift in Sources */ = {isa = PBXBuildFile; fileRef = C8ED439724DB3CE100DAF457 /* SceneDelegate.swift */; };
		C8ED439A24DB3CE100DAF457 /* ViewController.swift in Sources */ = {isa = PBXBuildFile; fileRef = C8ED439924DB3CE100DAF457 /* ViewController.swift */; };
		C8ED439D24DB3CE100DAF457 /* Main.storyboard in Resources */ = {isa = PBXBuildFile; fileRef = C8ED439B24DB3CE100DAF457 /* Main.storyboard */; };
		C8ED439F24DB3CE300DAF457 /* Assets.xcassets in Resources */ = {isa = PBXBuildFile; fileRef = C8ED439E24DB3CE300DAF457 /* Assets.xcassets */; };
		C8ED43A224DB3CE300DAF457 /* LaunchScreen.storyboard in Resources */ = {isa = PBXBuildFile; fileRef = C8ED43A024DB3CE300DAF457 /* LaunchScreen.storyboard */; };
		F68DB0BAD0A2C5CF5A57CC14 /* Pods_digitalfractalsample.framework in Frameworks */ = {isa = PBXBuildFile; fileRef = 71E5850A882D0622BE211F30 /* Pods_digitalfractalsample.framework */; };
/* End PBXBuildFile section */

/* Begin PBXFileReference section */
		20F2F9E94FCAAD376270276F /* Pods-digitalfractalsample.debug.xcconfig */ = {isa = PBXFileReference; includeInIndex = 1; lastKnownFileType = text.xcconfig; name = "Pods-digitalfractalsample.debug.xcconfig"; path = "Target Support Files/Pods-digitalfractalsample/Pods-digitalfractalsample.debug.xcconfig"; sourceTree = "<group>"; };
		7019777B66A1B75EA8D46B47 /* Pods-digitalfractalsample.release.xcconfig */ = {isa = PBXFileReference; includeInIndex = 1; lastKnownFileType = text.xcconfig; name = "Pods-digitalfractalsample.release.xcconfig"; path = "Target Support Files/Pods-digitalfractalsample/Pods-digitalfractalsample.release.xcconfig"; sourceTree = "<group>"; };
		71E5850A882D0622BE211F30 /* Pods_digitalfractalsample.framework */ = {isa = PBXFileReference; explicitFileType = wrapper.framework; includeInIndex = 0; path = Pods_digitalfractalsample.framework; sourceTree = BUILT_PRODUCTS_DIR; };
		C8584AF924D48E7400C58BED /* GoogleService-Info.plist */ = {isa = PBXFileReference; lastKnownFileType = text.plist; path = "GoogleService-Info.plist"; sourceTree = SOURCE_ROOT; };
		C8ED439324DB3CE100DAF457 /* digitalfractalsample.app */ = {isa = PBXFileReference; explicitFileType = wrapper.application; includeInIndex = 0; path = digitalfractalsample.app; sourceTree = BUILT_PRODUCTS_DIR; };
		C8ED439524DB3CE100DAF457 /* AppDelegate.swift */ = {isa = PBXFileReference; lastKnownFileType = sourcecode.swift; path = AppDelegate.swift; sourceTree = "<group>"; };
		C8ED439724DB3CE100DAF457 /* SceneDelegate.swift */ = {isa = PBXFileReference; lastKnownFileType = sourcecode.swift; path = SceneDelegate.swift; sourceTree = "<group>"; };
		C8ED439924DB3CE100DAF457 /* ViewController.swift */ = {isa = PBXFileReference; lastKnownFileType = sourcecode.swift; path = ViewController.swift; sourceTree = "<group>"; };
		C8ED439C24DB3CE100DAF457 /* Base */ = {isa = PBXFileReference; lastKnownFileType = file.storyboard; name = Base; path = Base.lproj/Main.storyboard; sourceTree = "<group>"; };
		C8ED439E24DB3CE300DAF457 /* Assets.xcassets */ = {isa = PBXFileReference; lastKnownFileType = folder.assetcatalog; path = Assets.xcassets; sourceTree = "<group>"; };
		C8ED43A124DB3CE300DAF457 /* Base */ = {isa = PBXFileReference; lastKnownFileType = file.storyboard; name = Base; path = Base.lproj/LaunchScreen.storyboard; sourceTree = "<group>"; };
		C8ED43A324DB3CE300DAF457 /* Info.plist */ = {isa = PBXFileReference; lastKnownFileType = text.plist.xml; path = Info.plist; sourceTree = "<group>"; };
		C8F4368624CF76BE0099714A /* AppDelegate.swift */ = {isa = PBXFileReference; lastKnownFileType = sourcecode.swift; path = AppDelegate.swift; sourceTree = "<group>"; };
		C8F4368824CF76BE0099714A /* SceneDelegate.swift */ = {isa = PBXFileReference; lastKnownFileType = sourcecode.swift; path = SceneDelegate.swift; sourceTree = "<group>"; };
		C8F4368A24CF76BE0099714A /* ViewController.swift */ = {isa = PBXFileReference; lastKnownFileType = sourcecode.swift; path = ViewController.swift; sourceTree = "<group>"; };
		C8F4368D24CF76BE0099714A /* Base */ = {isa = PBXFileReference; lastKnownFileType = file.storyboard; name = Base; path = Base.lproj/Main.storyboard; sourceTree = "<group>"; };
		C8F4368F24CF76BF0099714A /* Assets.xcassets */ = {isa = PBXFileReference; lastKnownFileType = folder.assetcatalog; path = Assets.xcassets; sourceTree = "<group>"; };
		C8F4369224CF76BF0099714A /* Base */ = {isa = PBXFileReference; lastKnownFileType = file.storyboard; name = Base; path = Base.lproj/LaunchScreen.storyboard; sourceTree = "<group>"; };
		C8F4369424CF76BF0099714A /* Info.plist */ = {isa = PBXFileReference; lastKnownFileType = text.plist.xml; path = Info.plist; sourceTree = "<group>"; };
/* End PBXFileReference section */

/* Begin PBXFrameworksBuildPhase section */
		C8ED439024DB3CE100DAF457 /* Frameworks */ = {
			isa = PBXFrameworksBuildPhase;
			buildActionMask = 2147483647;
			files = (
				F68DB0BAD0A2C5CF5A57CC14 /* Pods_digitalfractalsample.framework in Frameworks */,
			);
			runOnlyForDeploymentPostprocessing = 0;
		};
/* End PBXFrameworksBuildPhase section */

/* Begin PBXGroup section */
		80D68B17F45A59E42A3BEA29 /* Frameworks */ = {
			isa = PBXGroup;
			children = (
				71E5850A882D0622BE211F30 /* Pods_digitalfractalsample.framework */,
			);
			name = Frameworks;
			sourceTree = "<group>";
		};
		BAF6D51ECFB0C8A484B0A2D7 /* Pods */ = {
			isa = PBXGroup;
			children = (
				20F2F9E94FCAAD376270276F /* Pods-digitalfractalsample.debug.xcconfig */,
				7019777B66A1B75EA8D46B47 /* Pods-digitalfractalsample.release.xcconfig */,
			);
			path = Pods;
			sourceTree = "<group>";
		};
		C8ED439424DB3CE100DAF457 /* digitalfractalsample */ = {
			isa = PBXGroup;
			children = (
				C8ED439524DB3CE100DAF457 /* AppDelegate.swift */,
				C8ED439724DB3CE100DAF457 /* SceneDelegate.swift */,
				C8ED439924DB3CE100DAF457 /* ViewController.swift */,
				C8ED439B24DB3CE100DAF457 /* Main.storyboard */,
				C8ED439E24DB3CE300DAF457 /* Assets.xcassets */,
				C8ED43A024DB3CE300DAF457 /* LaunchScreen.storyboard */,
				C8ED43A324DB3CE300DAF457 /* Info.plist */,
			);
			path = digitalfractalsample;
			sourceTree = "<group>";
		};
		C8F4367A24CF76BE0099714A = {
			isa = PBXGroup;
			children = (
				C8F4368524CF76BE0099714A /* digitalfractalsample */,
				C8ED439424DB3CE100DAF457 /* digitalfractalsample */,
				C8F4368424CF76BE0099714A /* Products */,
				BAF6D51ECFB0C8A484B0A2D7 /* Pods */,
				80D68B17F45A59E42A3BEA29 /* Frameworks */,
			);
			sourceTree = "<group>";
		};
		C8F4368424CF76BE0099714A /* Products */ = {
			isa = PBXGroup;
			children = (
				C8ED439324DB3CE100DAF457 /* digitalfractalsample.app */,
			);
			name = Products;
			sourceTree = "<group>";
		};
		C8F4368524CF76BE0099714A /* digitalfractalsample */ = {
			isa = PBXGroup;
			children = (
				C8584AF924D48E7400C58BED /* GoogleService-Info.plist */,
				C8F4368624CF76BE0099714A /* AppDelegate.swift */,
				C8F4368824CF76BE0099714A /* SceneDelegate.swift */,
				C8F4368A24CF76BE0099714A /* ViewController.swift */,
				C8F4368C24CF76BE0099714A /* Main.storyboard */,
				C8F4368F24CF76BF0099714A /* Assets.xcassets */,
				C8F4369124CF76BF0099714A /* LaunchScreen.storyboard */,
				C8F4369424CF76BF0099714A /* Info.plist */,
			);
			path = digitalfractalsample;
			sourceTree = "<group>";
		};
/* End PBXGroup section */

/* Begin PBXNativeTarget section */
		C8ED439224DB3CE100DAF457 /* digitalfractalsample */ = {
			isa = PBXNativeTarget;
			buildConfigurationList = C8ED43A624DB3CE300DAF457 /* Build configuration list for PBXNativeTarget "digitalfractalsample" */;
			buildPhases = (
				AD823346A5BBEA8884F67E42 /* [CP] Check Pods Manifest.lock */,
				C8ED438F24DB3CE100DAF457 /* Sources */,
				C8ED439024DB3CE100DAF457 /* Frameworks */,
				C8ED439124DB3CE100DAF457 /* Resources */,
				BB1A15109FC058E14CDA12B1 /* [CP] Embed Pods Frameworks */,
			);
			buildRules = (
			);
			dependencies = (
			);
			name = digitalfractalsample;
			productName = digitalfractalsample;
			productReference = C8ED439324DB3CE100DAF457 /* digitalfractalsample.app */;
			productType = "com.apple.product-type.application";
		};
/* End PBXNativeTarget section */

/* Begin PBXProject section */
		C8F4367B24CF76BE0099714A /* Project object */ = {
			isa = PBXProject;
			attributes = {
				LastSwiftUpdateCheck = 1150;
				LastUpgradeCheck = 1150;
				ORGANIZATIONNAME = "Mohamed Salman";
				TargetAttributes = {
					C8ED439224DB3CE100DAF457 = {
						CreatedOnToolsVersion = 11.5;
					};
				};
			};
			buildConfigurationList = C8F4367E24CF76BE0099714A /* Build configuration list for PBXProject "digitalfractalsample" */;
			compatibilityVersion = "Xcode 9.3";
			developmentRegion = en;
			hasScannedForEncodings = 0;
			knownRegions = (
				en,
				Base,
			);
			mainGroup = C8F4367A24CF76BE0099714A;
			productRefGroup = C8F4368424CF76BE0099714A /* Products */;
			projectDirPath = "";
			projectRoot = "";
			targets = (
				C8ED439224DB3CE100DAF457 /* digitalfractalsample */,
			);
		};
/* End PBXProject section */

/* Begin PBXResourcesBuildPhase section */
		C8ED439124DB3CE100DAF457 /* Resources */ = {
			isa = PBXResourcesBuildPhase;
			buildActionMask = 2147483647;
			files = (
				C8ED43A224DB3CE300DAF457 /* LaunchScreen.storyboard in Resources */,
				C8ED439F24DB3CE300DAF457 /* Assets.xcassets in Resources */,
				C8ED439D24DB3CE100DAF457 /* Main.storyboard in Resources */,
			);
			runOnlyForDeploymentPostprocessing = 0;
		};
/* End PBXResourcesBuildPhase section */

/* Begin PBXShellScriptBuildPhase section */
		AD823346A5BBEA8884F67E42 /* [CP] Check Pods Manifest.lock */ = {
			isa = PBXShellScriptBuildPhase;
			buildActionMask = 2147483647;
			files = (
			);
			inputFileListPaths = (
			);
			inputPaths = (
				"${PODS_PODFILE_DIR_PATH}/Podfile.lock",
				"${PODS_ROOT}/Manifest.lock",
			);
			name = "[CP] Check Pods Manifest.lock";
			outputFileListPaths = (
			);
			outputPaths = (
				"$(DERIVED_FILE_DIR)/Pods-digitalfractalsample-checkManifestLockResult.txt",
			);
			runOnlyForDeploymentPostprocessing = 0;
			shellPath = /bin/sh;
			shellScript = "diff \"${PODS_PODFILE_DIR_PATH}/Podfile.lock\" \"${PODS_ROOT}/Manifest.lock\" > /dev/null\nif [ $? != 0 ] ; then\n    # print error to STDERR\n    echo \"error: The sandbox is not in sync with the Podfile.lock. Run 'pod install' or update your CocoaPods installation.\" >&2\n    exit 1\nfi\n# This output is used by Xcode 'outputs' to avoid re-running this script phase.\necho \"SUCCESS\" > \"${SCRIPT_OUTPUT_FILE_0}\"\n";
			showEnvVarsInLog = 0;
		};
		BB1A15109FC058E14CDA12B1 /* [CP] Embed Pods Frameworks */ = {
			isa = PBXShellScriptBuildPhase;
			buildActionMask = 2147483647;
			files = (
			);
			inputFileListPaths = (
				"${PODS_ROOT}/Target Support Files/Pods-digitalfractalsample/Pods-digitalfractalsample-frameworks-${CONFIGURATION}-input-files.xcfilelist",
			);
			name = "[CP] Embed Pods Frameworks";
			outputFileListPaths = (
				"${PODS_ROOT}/Target Support Files/Pods-digitalfractalsample/Pods-digitalfractalsample-frameworks-${CONFIGURATION}-output-files.xcfilelist",
			);
			runOnlyForDeploymentPostprocessing = 0;
			shellPath = /bin/sh;
			shellScript = "\"${PODS_ROOT}/Target Support Files/Pods-digitalfractalsample/Pods-digitalfractalsample-frameworks.sh\"\n";
			showEnvVarsInLog = 0;
		};
/* End PBXShellScriptBuildPhase section */

/* Begin PBXSourcesBuildPhase section */
		C8ED438F24DB3CE100DAF457 /* Sources */ = {
			isa = PBXSourcesBuildPhase;
			buildActionMask = 2147483647;
			files = (
				C8ED439A24DB3CE100DAF457 /* ViewController.swift in Sources */,
				C8ED439624DB3CE100DAF457 /* AppDelegate.swift in Sources */,
				C8ED439824DB3CE100DAF457 /* SceneDelegate.swift in Sources */,
			);
			runOnlyForDeploymentPostprocessing = 0;
		};
/* End PBXSourcesBuildPhase section */

/* Begin PBXVariantGroup section */
		C8ED439B24DB3CE100DAF457 /* Main.storyboard */ = {
			isa = PBXVariantGroup;
			children = (
				C8ED439C24DB3CE100DAF457 /* Base */,
			);
			name = Main.storyboard;
			sourceTree = "<group>";
		};
		C8ED43A024DB3CE300DAF457 /* LaunchScreen.storyboard */ = {
			isa = PBXVariantGroup;
			children = (
				C8ED43A124DB3CE300DAF457 /* Base */,
			);
			name = LaunchScreen.storyboard;
			sourceTree = "<group>";
		};
		C8F4368C24CF76BE0099714A /* Main.storyboard */ = {
			isa = PBXVariantGroup;
			children = (
				C8F4368D24CF76BE0099714A /* Base */,
			);
			name = Main.storyboard;
			sourceTree = "<group>";
		};
		C8F4369124CF76BF0099714A /* LaunchScreen.storyboard */ = {
			isa = PBXVariantGroup;
			children = (
				C8F4369224CF76BF0099714A /* Base */,
			);
			name = LaunchScreen.storyboard;
			sourceTree = "<group>";
		};
/* End PBXVariantGroup section */

/* Begin XCBuildConfiguration section */
		C8ED43A424DB3CE300DAF457 /* Debug */ = {
			isa = XCBuildConfiguration;
			baseConfigurationReference = 20F2F9E94FCAAD376270276F /* Pods-digitalfractalsample.debug.xcconfig */;
			buildSettings = {
				ASSETCATALOG_COMPILER_APPICON_NAME = AppIcon;
				CODE_SIGN_STYLE = Automatic;
				CURRENT_PROJECT_VERSION = 12;
				DEVELOPMENT_TEAM = HGDJBTZW7A;
				INFOPLIST_FILE = digitalfractalsample/Info.plist;
				LD_RUNPATH_SEARCH_PATHS = (
					"$(inherited)",
					"@executable_path/Frameworks",
				);
				MARKETING_VERSION = 10.0;
				PRODUCT_BUNDLE_IDENTIFIER = com.digitalfractal.digitalfractalsample;
				PRODUCT_NAME = "$(TARGET_NAME)";
				SWIFT_VERSION = 5.0;
				TARGETED_DEVICE_FAMILY = 1;
			};
			name = Debug;
		};
		C8ED43A524DB3CE300DAF457 /* Release */ = {
			isa = XCBuildConfiguration;
			baseConfigurationReference = 7019777B66A1B75EA8D46B47 /* Pods-digitalfractalsample.release.xcconfig */;
			buildSettings = {
				ASSETCATALOG_COMPILER_APPICON_NAME = AppIcon;
				CODE_SIGN_STYLE = Automatic;
				CURRENT_PROJECT_VERSION = 12;
				DEVELOPMENT_TEAM = HGDJBTZW7A;
				INFOPLIST_FILE = digitalfractalsample/Info.plist;
				LD_RUNPATH_SEARCH_PATHS = (
					"$(inherited)",
					"@executable_path/Frameworks",
				);
				MARKETING_VERSION = 10.0;
				PRODUCT_BUNDLE_IDENTIFIER = com.digitalfractal.digitalfractalsample;
				PRODUCT_NAME = "$(TARGET_NAME)";
				SWIFT_VERSION = 5.0;
				TARGETED_DEVICE_FAMILY = 1;
			};
			name = Release;
		};
		C8F4369524CF76BF0099714A /* Debug */ = {
			isa = XCBuildConfiguration;
			buildSettings = {
				ALWAYS_SEARCH_USER_PATHS = NO;
				CLANG_ANALYZER_NONNULL = YES;
				CLANG_ANALYZER_NUMBER_OBJECT_CONVERSION = YES_AGGRESSIVE;
				CLANG_CXX_LANGUAGE_STANDARD = "gnu++14";
				CLANG_CXX_LIBRARY = "libc++";
				CLANG_ENABLE_MODULES = YES;
				CLANG_ENABLE_OBJC_ARC = YES;
				CLANG_ENABLE_OBJC_WEAK = YES;
				CLANG_WARN_BLOCK_CAPTURE_AUTORELEASING = YES;
				CLANG_WARN_BOOL_CONVERSION = YES;
				CLANG_WARN_COMMA = YES;
				CLANG_WARN_CONSTANT_CONVERSION = YES;
				CLANG_WARN_DEPRECATED_OBJC_IMPLEMENTATIONS = YES;
				CLANG_WARN_DIRECT_OBJC_ISA_USAGE = YES_ERROR;
				CLANG_WARN_DOCUMENTATION_COMMENTS = YES;
				CLANG_WARN_EMPTY_BODY = YES;
				CLANG_WARN_ENUM_CONVERSION = YES;
				CLANG_WARN_INFINITE_RECURSION = YES;
				CLANG_WARN_INT_CONVERSION = YES;
				CLANG_WARN_NON_LITERAL_NULL_CONVERSION = YES;
				CLANG_WARN_OBJC_IMPLICIT_RETAIN_SELF = YES;
				CLANG_WARN_OBJC_LITERAL_CONVERSION = YES;
				CLANG_WARN_OBJC_ROOT_CLASS = YES_ERROR;
				CLANG_WARN_RANGE_LOOP_ANALYSIS = YES;
				CLANG_WARN_STRICT_PROTOTYPES = YES;
				CLANG_WARN_SUSPICIOUS_MOVE = YES;
				CLANG_WARN_UNGUARDED_AVAILABILITY = YES_AGGRESSIVE;
				CLANG_WARN_UNREACHABLE_CODE = YES;
				CLANG_WARN__DUPLICATE_METHOD_MATCH = YES;
				COPY_PHASE_STRIP = NO;
				DEBUG_INFORMATION_FORMAT = dwarf;
				ENABLE_STRICT_OBJC_MSGSEND = YES;
				ENABLE_TESTABILITY = YES;
				GCC_C_LANGUAGE_STANDARD = gnu11;
				GCC_DYNAMIC_NO_PIC = NO;
				GCC_NO_COMMON_BLOCKS = YES;
				GCC_OPTIMIZATION_LEVEL = 0;
				GCC_PREPROCESSOR_DEFINITIONS = (
					"DEBUG=1",
					"$(inherited)",
				);
				GCC_WARN_64_TO_32_BIT_CONVERSION = YES;
				GCC_WARN_ABOUT_RETURN_TYPE = YES_ERROR;
				GCC_WARN_UNDECLARED_SELECTOR = YES;
				GCC_WARN_UNINITIALIZED_AUTOS = YES_AGGRESSIVE;
				GCC_WARN_UNUSED_FUNCTION = YES;
				GCC_WARN_UNUSED_VARIABLE = YES;
				IPHONEOS_DEPLOYMENT_TARGET = 13.5;
				MTL_ENABLE_DEBUG_INFO = INCLUDE_SOURCE;
				MTL_FAST_MATH = YES;
				ONLY_ACTIVE_ARCH = YES;
				SDKROOT = iphoneos;
				SWIFT_ACTIVE_COMPILATION_CONDITIONS = DEBUG;
				SWIFT_OPTIMIZATION_LEVEL = "-Onone";
			};
			name = Debug;
		};
		C8F4369624CF76BF0099714A /* Release */ = {
			isa = XCBuildConfiguration;
			buildSettings = {
				ALWAYS_SEARCH_USER_PATHS = NO;
				CLANG_ANALYZER_NONNULL = YES;
				CLANG_ANALYZER_NUMBER_OBJECT_CONVERSION = YES_AGGRESSIVE;
				CLANG_CXX_LANGUAGE_STANDARD = "gnu++14";
				CLANG_CXX_LIBRARY = "libc++";
				CLANG_ENABLE_MODULES = YES;
				CLANG_ENABLE_OBJC_ARC = YES;
				CLANG_ENABLE_OBJC_WEAK = YES;
				CLANG_WARN_BLOCK_CAPTURE_AUTORELEASING = YES;
				CLANG_WARN_BOOL_CONVERSION = YES;
				CLANG_WARN_COMMA = YES;
				CLANG_WARN_CONSTANT_CONVERSION = YES;
				CLANG_WARN_DEPRECATED_OBJC_IMPLEMENTATIONS = YES;
				CLANG_WARN_DIRECT_OBJC_ISA_USAGE = YES_ERROR;
				CLANG_WARN_DOCUMENTATION_COMMENTS = YES;
				CLANG_WARN_EMPTY_BODY = YES;
				CLANG_WARN_ENUM_CONVERSION = YES;
				CLANG_WARN_INFINITE_RECURSION = YES;
				CLANG_WARN_INT_CONVERSION = YES;
				CLANG_WARN_NON_LITERAL_NULL_CONVERSION = YES;
				CLANG_WARN_OBJC_IMPLICIT_RETAIN_SELF = YES;
				CLANG_WARN_OBJC_LITERAL_CONVERSION = YES;
				CLANG_WARN_OBJC_ROOT_CLASS = YES_ERROR;
				CLANG_WARN_RANGE_LOOP_ANALYSIS = YES;
				CLANG_WARN_STRICT_PROTOTYPES = YES;
				CLANG_WARN_SUSPICIOUS_MOVE = YES;
				CLANG_WARN_UNGUARDED_AVAILABILITY = YES_AGGRESSIVE;
				CLANG_WARN_UNREACHABLE_CODE = YES;
				CLANG_WARN__DUPLICATE_METHOD_MATCH = YES;
				COPY_PHASE_STRIP = NO;
				DEBUG_INFORMATION_FORMAT = "dwarf-with-dsym";
				ENABLE_NS_ASSERTIONS = NO;
				ENABLE_STRICT_OBJC_MSGSEND = YES;
				GCC_C_LANGUAGE_STANDARD = gnu11;
				GCC_NO_COMMON_BLOCKS = YES;
				GCC_WARN_64_TO_32_BIT_CONVERSION = YES;
				GCC_WARN_ABOUT_RETURN_TYPE = YES_ERROR;
				GCC_WARN_UNDECLARED_SELECTOR = YES;
				GCC_WARN_UNINITIALIZED_AUTOS = YES_AGGRESSIVE;
				GCC_WARN_UNUSED_FUNCTION = YES;
				GCC_WARN_UNUSED_VARIABLE = YES;
				IPHONEOS_DEPLOYMENT_TARGET = 13.5;
				MTL_ENABLE_DEBUG_INFO = NO;
				MTL_FAST_MATH = YES;
				SDKROOT = iphoneos;
				SWIFT_COMPILATION_MODE = wholemodule;
				SWIFT_OPTIMIZATION_LEVEL = "-O";
				VALIDATE_PRODUCT = YES;
			};
			name = Release;
		};
/* End XCBuildConfiguration section */

/* Begin XCConfigurationList section */
		C8ED43A624DB3CE300DAF457 /* Build configuration list for PBXNativeTarget "digitalfractalsample" */ = {
			isa = XCConfigurationList;
			buildConfigurations = (
				C8ED43A424DB3CE300DAF457 /* Debug */,
				C8ED43A524DB3CE300DAF457 /* Release */,
			);
			defaultConfigurationIsVisible = 0;
			defaultConfigurationName = Release;
		};
		C8F4367E24CF76BE0099714A /* Build configuration list for PBXProject "digitalfractalsample" */ = {
			isa = XCConfigurationList;
			buildConfigurations = (
				C8F4369524CF76BF0099714A /* Debug */,
				C8F4369624CF76BF0099714A /* Release */,
			);
			defaultConfigurationIsVisible = 0;
			defaultConfigurationName = Release;
		};
/* End XCConfigurationList section */
	};
	rootObject = C8F4367B24CF76BE0099714A /* Project object */;
}
